
Microsoft Visual Studio Solution File, Format Version 12.00
# Visual Studio 14
VisualStudioVersion = 14.0.25420.1
MinimumVisualStudioVersion = 10.0.40219.1
Project("{FAE04EC0-301F-11D3-BF4B-00C04F79EFBC}") = "MineSweeper", "MineSweeper\MineSweeper.csproj", "{220F6A45-D4E6-4468-827A-091D56197F93}"
EndProject
Project("{6141683F-8A12-4E36-9623-2EB02B2C2303}") = "SetupMineSweeper", "SetupMineSweeper\SetupMineSweeper.isproj", "{DB40F1F3-2039-4482-AFD9-9D6BDCF09B2D}"
	ProjectSection(ProjectDependencies) = postProject
		{220F6A45-D4E6-4468-827A-091D56197F93} = {220F6A45-D4E6-4468-827A-091D56197F93}
	EndProjectSection
EndProject
Global
	GlobalSection(SolutionConfigurationPlatforms) = preSolution
		Debug|Any CPU = Debug|Any CPU
		Debug|x86 = Debug|x86
		Release|Any CPU = Release|Any CPU
		Release|x86 = Release|x86
		SingleImage|Any CPU = SingleImage|Any CPU
		SingleImage|x86 = SingleImage|x86
	EndGlobalSection
	GlobalSection(ProjectConfigurationPlatforms) = postSolution
		{220F6A45-D4E6-4468-827A-091D56197F93}.Debug|Any CPU.ActiveCfg = Debug|Any CPU
		{220F6A45-D4E6-4468-827A-091D56197F93}.Debug|Any CPU.Build.0 = Debug|Any CPU
		{220F6A45-D4E6-4468-827A-091D56197F93}.Debug|x86.ActiveCfg = Debug|x86
		{220F6A45-D4E6-4468-827A-091D56197F93}.Debug|x86.Build.0 = Debug|x86
		{220F6A45-D4E6-4468-827A-091D56197F93}.Release|Any CPU.ActiveCfg = Release|Any CPU
		{220F6A45-D4E6-4468-827A-091D56197F93}.Release|Any CPU.Build.0 = Release|Any CPU
		{220F6A45-D4E6-4468-827A-091D56197F93}.Release|x86.ActiveCfg = Release|x86
		{220F6A45-D4E6-4468-827A-091D56197F93}.Release|x86.Build.0 = Release|x86
		{220F6A45-D4E6-4468-827A-091D56197F93}.SingleImage|Any CPU.ActiveCfg = Release|Any CPU
		{220F6A45-D4E6-4468-827A-091D56197F93}.SingleImage|Any CPU.Build.0 = Release|Any CPU
		{220F6A45-D4E6-4468-827A-091D56197F93}.SingleImage|x86.ActiveCfg = Release|x86
		{220F6A45-D4E6-4468-827A-091D56197F93}.SingleImage|x86.Build.0 = Release|x86
		{DB40F1F3-2039-4482-AFD9-9D6BDCF09B2D}.Debug|Any CPU.ActiveCfg = SingleImage
		{DB40F1F3-2039-4482-AFD9-9D6BDCF09B2D}.Debug|Any CPU.Build.0 = SingleImage
		{DB40F1F3-2039-4482-AFD9-9D6BDCF09B2D}.Debug|x86.ActiveCfg = SingleImage
		{DB40F1F3-2039-4482-AFD9-9D6BDCF09B2D}.Debug|x86.Build.0 = SingleImage
		{DB40F1F3-2039-4482-AFD9-9D6BDCF09B2D}.Release|Any CPU.ActiveCfg = SingleImage
		{DB40F1F3-2039-4482-AFD9-9D6BDCF09B2D}.Release|Any CPU.Build.0 = SingleImage
		{DB40F1F3-2039-4482-AFD9-9D6BDCF09B2D}.Release|x86.ActiveCfg = SingleImage
		{DB40F1F3-2039-4482-AFD9-9D6BDCF09B2D}.Release|x86.Build.0 = SingleImage
		{DB40F1F3-2039-4482-AFD9-9D6BDCF09B2D}.SingleImage|Any CPU.ActiveCfg = SingleImage
		{DB40F1F3-2039-4482-AFD9-9D6BDCF09B2D}.SingleImage|Any CPU.Build.0 = SingleImage
		{DB40F1F3-2039-4482-AFD9-9D6BDCF09B2D}.SingleImage|x86.ActiveCfg = SingleImage
		{DB40F1F3-2039-4482-AFD9-9D6BDCF09B2D}.SingleImage|x86.Build.0 = SingleImage
	EndGlobalSection
	GlobalSection(SolutionProperties) = preSolution
		HideSolutionNode = FALSE
	EndGlobalSection
EndGlobal
